{
  "name": "botfloor",
  "version": "1.0.0",
  "lockfileVersion": 3,
  "requires": true,
  "packages": {
    "": {
      "name": "botfloor",
      "version": "1.0.0",
      "license": "ISC",
      "dependencies": {
        "@skyware/bot": "^0.4.1",
        "dotenv": "^17.4.2"
      },
      "devDependencies": {}
    },
    "node_modules/@atcute/atproto": {
      "version": "3.1.12",
      "resolved": "https://registry.npmjs.org/@atcute/atproto/-/atproto-3.1.12.tgz",
      "integrity": "sha512-SaHY0vV5+VfS2ViOcbYtxPmmh82vbxoK5ccHTGn5+ciHNY2arEVcBUFbIQKtsQP4PPZ+lNAVooH+Wh62flvCzg==",
      "license": "0BSD",
      "dependencies": {
        "@atcute/lexicons": "^1.3.1"
      },
      "peerDependencies": {
        "@atcute/lexicons": "^1.0.0"
      }
    },
    "node_modules/@atcute/bluesky": {
      "version": "3.3.5",
      "resolved": "https://registry.npmjs.org/@atcute/bluesky/-/bluesky-3.3.5.tgz",
      "integrity": "sha512-DmzdCQ1VkPRBsIMr79EDxLWLpg0UNWVahFjMelfzau717r+I3ceJm9SxfOK/of+biLOUj4rlr00tNZT+BRe6Ww==",
      "license": "0BSD",
      "dependencies": {
        "@atcute/atproto": "^3.1.12",
        "@atcute/lexicons": "^1.3.1"
      },
      "peerDependencies": {
        "@atcute/lexicons": "^1.0.0"
      }
    },
    "node_modules/@atcute/bluesky-richtext-builder": {
      "version": "2.0.5",
      "resolved": "https://registry.npmjs.org/@atcute/bluesky-richtext-builder/-/bluesky-richtext-builder-2.0.5.tgz",
      "integrity": "sha512-74VcYnq0MIWb9GegSYmxfFMYWSDn4fqh0R3d9ofzgav0gVFGPmXDm4Hf4cuOYGv9pz0/4sdJDqb0gamzxvOXGQ==",
      "license": "0BSD",
      "dependencies": {
        "@atcute/bluesky": "^3.2.17",
        "@atcute/lexicons": "^1.2.9",
        "@atcute/uint8array": "^1.1.1"
      }
    },
    "node_modules/@atcute/car": {
      "version": "3.1.3",
      "resolved": "https://registry.npmjs.org/@atcute/car/-/car-3.1.3.tgz",
      "integrity": "sha512-WJ13bAEt7TjDMVi09ubjLtvhdljbWInGm9Kfy7Y6NhrmiyC/aZYaA/zHX/bHI6xv1c/h3SQduWqxOr4ae49eqA==",
      "license": "0BSD",
      "optional": true,
      "dependencies": {
        "@atcute/cbor": "^2.2.7",
        "@atcute/cid": "^2.2.5",
        "@atcute/uint8array": "^1.0.5",
        "@atcute/varint": "^1.0.3",
        "yocto-queue": "^1.2.1"
      }
    },
    "node_modules/@atcute/cbor": {
      "version": "2.3.6",
      "resolved": "https://registry.npmjs.org/@atcute/cbor/-/cbor-2.3.6.tgz",
      "integrity": "sha512-Ml/G8i6KK5UWSx1kxgm41eTYm1EQ6O2fNWSXMJ5DxoQv/lmZ0Hmk7dmHda2seRE+Cj2X3HJKAuD9cQRh3m2P7A==",
      "license": "0BSD",
      "optional": true,
      "dependencies": {
        "@atcute/cid": "^2.4.2",
        "@atcute/multibase": "^1.2.5",
        "@atcute/uint8array": "^1.1.5"
      },
      "peerDependencies": {
        "@atcute/cid": "^2.0.0"
      }
    },
    "node_modules/@atcute/cid": {
      "version": "2.4.2",
      "resolved": "https://registry.npmjs.org/@atcute/cid/-/cid-2.4.2.tgz",
      "integrity": "sha512-Uy48yfyo/hPQXF+XMXWIGomF6v8IvX5ErjozXMV7rlfU3EV7PSVX3J7plJXV6MRC3iI1z3PgTZTS7V0drCQVVw==",
      "license": "0BSD",
      "optional": true,
      "dependencies": {
        "@atcute/multibase": "^1.2.4",
        "@atcute/uint8array": "^1.1.3"
      }
    },
    "node_modules/@atcute/client": {
      "version": "4.2.2",
      "resolved": "https://registry.npmjs.org/@atcute/client/-/client-4.2.2.tgz",
      "integrity": "sha512-z16BaGgdO6WIkDCxqeI+zhnh2KmW9jsjd312PJ6YYsoDBpPPqL+WkBmxQ7eO9C6CMFxXsZpYcM81RzZEETA4PQ==",
      "license": "0BSD",
      "dependencies": {
        "@atcute/identity": "^1.1.5",
        "@atcute/lexicons": "^1.3.1"
      },
      "peerDependencies": {
        "@atcute/lexicons": "^1.0.0"
      }
    },
    "node_modules/@atcute/identity": {
      "version": "1.1.5",
      "resolved": "https://registry.npmjs.org/@atcute/identity/-/identity-1.1.5.tgz",
      "integrity": "sha512-5i9nl1UVnBDPCumUwrLNl4BZpGvQ/XABEXbjhiw3PQwRUfpQA8FqByDGxXy2gWpFDrNvQ9yVuOoNsjzxJgjjVA==",
      "license": "0BSD",
      "dependencies": {
        "@atcute/lexicons": "^1.3.1",
        "@badrap/valita": "^0.4.6"
      },
      "peerDependencies": {
        "@atcute/lexicons": "^1.0.0"
      }
    },
    "node_modules/@atcute/lexicons": {
      "version": "1.3.1",
      "resolved": "https://registry.npmjs.org/@atcute/lexicons/-/lexicons-1.3.1.tgz",
      "integrity": "sha512-2JVxDmHt+QwsUoPyVYWIN7ZLRLfLx4GeJxKFjA9ofStuby9hCMv7Q4GAPIXuJD8wPv8vrnhr1yRNQhiJX+bthw==",
      "license": "0BSD",
      "dependencies": {
        "@atcute/uint8array": "^1.1.1",
        "@atcute/util-text": "^1.3.1",
        "@standard-schema/spec": "^1.1.0",
        "esm-env": "^1.2.2"
      }
    },
    "node_modules/@atcute/multibase": {
      "version": "1.2.5",
      "resolved": "https://registry.npmjs.org/@atcute/multibase/-/multibase-1.2.5.tgz",
      "integrity": "sha512-cReTONgYpQo/VHD3ZmzPNoyBKJgSk1J4h//cvvdVVJBMar+SjlQ/sUXeTjQfuyfmDKv+TLKhmutLcvbMcQ9Rvw==",
      "license": "0BSD",
      "optional": true,
      "dependencies": {
        "@atcute/uint8array": "^1.1.5"
      }
    },
    "node_modules/@atcute/ozone": {
      "version": "3.1.16",
      "resolved": "https://registry.npmjs.org/@atcute/ozone/-/ozone-3.1.16.tgz",
      "integrity": "sha512-v5MJPbuXT4sqbizvcdWmTz/k8LvJy2IvXpl4fnnYFkgCLS2tlqSvzTRSw4fA/i5GCmxWSLXb1lxNlwGLyUShow==",
      "license": "0BSD",
      "dependencies": {
        "@atcute/atproto": "^3.1.12",
        "@atcute/bluesky": "^3.3.5",
        "@atcute/lexicons": "^1.3.1"
      },
      "peerDependencies": {
        "@atcute/lexicons": "^1.0.0"
      }
    },
    "node_modules/@atcute/uint8array": {
      "version": "1.1.5",
      "resolved": "https://registry.npmjs.org/@atcute/uint8array/-/uint8array-1.1.5.tgz",
      "integrity": "sha512-1SFCXOtjE3ismP92CqzbOfYSwJmPPPFbj798wLXSpLv2hSd5OIaUrTh6EqRVR1VZ3ZhR+vaBmd3kxAN0wkw+gQ==",
      "license": "0BSD"
    },
    "node_modules/@atcute/util-text": {
      "version": "1.3.4",
      "resolved": "https://registry.npmjs.org/@atcute/util-text/-/util-text-1.3.4.tgz",
      "integrity": "sha512-u2UAM7iSM09sQaSG9jtxWFSPgB8boVj50/BoyMvYnhVgGBu+nXIuAcdDUQCsZA44YZgTPPhN/b86JX+jH7SPzQ==",
      "license": "0BSD",
      "dependencies": {
        "unicode-segmenter": "^0.17.0"
      }
    },
    "node_modules/@atcute/varint": {
      "version": "1.0.4",
      "resolved": "https://registry.npmjs.org/@atcute/varint/-/varint-1.0.4.tgz",
      "integrity": "sha512-0nGBaRyJLoxVvCHTSLGwPZKs64PPi/0lDA4viF3I5zxsRmVPsXaE92J8VQj3KoZfk0+Z+liXklG1Onw7G9S4oQ==",
      "license": "0BSD",
      "optional": true
    },
    "node_modules/@badrap/valita": {
      "version": "0.4.6",
      "resolved": "https://registry.npmjs.org/@badrap/valita/-/valita-0.4.6.tgz",
      "integrity": "sha512-4kdqcjyxo/8RQ8ayjms47HCWZIF5981oE5nIenbfThKDxWXtEHKipAOWlflpPJzZx9y/JWYQkp18Awr7VuepFg==",
      "license": "MIT",
      "engines": {
        "node": ">= 18"
      }
    },
    "node_modules/@skyware/bot": {
      "version": "0.4.1",
      "resolved": "https://registry.npmjs.org/@skyware/bot/-/bot-0.4.1.tgz",
      "integrity": "sha512-s4+n02sVSRXebjaV4Grea4tpYCvpijje+/8UnmrVcfD/A26+O769NtjP7LlISGZvGL9FL3TpcEaJWBoa2roq/g==",
      "license": "MPL-2.0",
      "dependencies": {
        "@atcute/atproto": "^3.1.1",
        "@atcute/bluesky": "^3.2.0",
        "@atcute/bluesky-richtext-builder": "^2.0.3",
        "@atcute/client": "^4.0.3",
        "@atcute/lexicons": "^1.1.0",
        "@atcute/ozone": "^3.1.3",
        "quick-lru": "^7.0.0",
        "rate-limit-threshold": "^0.1.5"
      },
      "optionalDependencies": {
        "@skyware/firehose": "^0.5.2",
        "@skyware/jetstream": "^0.2.5"
      }
    },
    "node_modules/@skyware/firehose": {
      "version": "0.5.2",
      "resolved": "https://registry.npmjs.org/@skyware/firehose/-/firehose-0.5.2.tgz",
      "integrity": "sha512-Ayg/cF0BkakBNQVA51ClDka0+nC96WiARNrGElMQxfqbwao0PBaCXkunfr8qS4DWS3TqLnR6hA9mvm1vAYlxJQ==",
      "license": "MPL-2.0",
      "optional": true,
      "dependencies": {
        "@atcute/car": "^3.0.3",
        "@atcute/cbor": "^2.2.2",
        "nanoevents": "^9.1.0"
      }
    },
    "node_modules/@skyware/jetstream": {
      "version": "0.2.5",
      "resolved": "https://registry.npmjs.org/@skyware/jetstream/-/jetstream-0.2.5.tgz",
      "integrity": "sha512-fM/zs03DLwqRyzZZJFWN20e76KrdqIp97Tlm8Cek+vxn96+tu5d/fx79V6H85L0QN6HvGiX2l9A8hWFqHvYlOA==",
      "license": "MPL-2.0",
      "optional": true,
      "dependencies": {
        "@atcute/atproto": "^3.1.0",
        "@atcute/bluesky": "^3.1.4",
        "@atcute/lexicons": "^1.1.0",
        "partysocket": "^1.1.3",
        "tiny-emitter": "^2.1.0"
      }
    },
    "node_modules/@standard-schema/spec": {
      "version": "1.1.0",
      "resolved": "https://registry.npmjs.org/@standard-schema/spec/-/spec-1.1.0.tgz",
      "integrity": "sha512-l2aFy5jALhniG5HgqrD6jXLi/rUWrKvqN/qJx6yoJsgKhblVd+iqqU4RCXavm/jPityDo5TCvKMnpjKnOriy0w==",
      "license": "MIT"
    },
    "node_modules/dotenv": {
      "version": "17.4.2",
      "resolved": "https://registry.npmjs.org/dotenv/-/dotenv-17.4.2.tgz",
      "integrity": "sha512-nI4U3TottKAcAD9LLud4Cb7b2QztQMUEfHbvhTH09bqXTxnSie8WnjPALV/WMCrJZ6UV/qHJ6L03OqO3LcdYZw==",
      "license": "BSD-2-Clause",
      "engines": {
        "node": ">=12"
      },
      "funding": {
        "url": "https://dotenvx.com"
      }
    },
    "node_modules/esm-env": {
      "version": "1.2.2",
      "resolved": "https://registry.npmjs.org/esm-env/-/esm-env-1.2.2.tgz",
      "integrity": "sha512-Epxrv+Nr/CaL4ZcFGPJIYLWFom+YeV1DqMLHJoEd9SYRxNbaFruBwfEX/kkHUJf55j2+TUbmDcmuilbP1TmXHA==",
      "license": "MIT"
    },
    "node_modules/event-target-polyfill": {
      "version": "0.0.4",
      "resolved": "https://registry.npmjs.org/event-target-polyfill/-/event-target-polyfill-0.0.4.tgz",
      "integrity": "sha512-Gs6RLjzlLRdT8X9ZipJdIZI/Y6/HhRLyq9RdDlCsnpxr/+Nn6bU2EFGuC94GjxqhM+Nmij2Vcq98yoHrU8uNFQ==",
      "license": "MIT",
      "optional": true
    },
    "node_modules/nanoevents": {
      "version": "9.1.0",
      "resolved": "https://registry.npmjs.org/nanoevents/-/nanoevents-9.1.0.tgz",
      "integrity": "sha512-Jd0fILWG44a9luj8v5kED4WI+zfkkgwKyRQKItTtlPfEsh7Lznfi1kr8/iZ+XAIss4Qq5GqRB0qtWbaz9ceO/A==",
      "license": "MIT",
      "optional": true,
      "engines": {
        "node": "^18.0.0 || >=20.0.0"
      }
    },
    "node_modules/partysocket": {
      "version": "1.3.0",
      "resolved": "https://registry.npmjs.org/partysocket/-/partysocket-1.3.0.tgz",
      "integrity": "sha512-1zToNyolZFK/7nuAw/K2bZrNzFqaZyRoCEkS+9vG6WSC5ikrN6qWRe96q6ImU51uptz2r+dAwSkwhJVdQi4LiA==",
      "license": "MIT",
      "optional": true,
      "dependencies": {
        "event-target-polyfill": "^0.0.4"
      },
      "peerDependencies": {
        "react": ">=17"
      },
      "peerDependenciesMeta": {
        "react": {
          "optional": true
        }
      }
    },
    "node_modules/quick-lru": {
      "version": "7.3.0",
      "resolved": "https://registry.npmjs.org/quick-lru/-/quick-lru-7.3.0.tgz",
      "integrity": "sha512-k9lSsjl36EJdK7I06v7APZCbyGT2vMTsYSRX1Q2nbYmnkBqgUhRkAuzH08Ciotteu/PLJmIF2+tti7o3C/ts2g==",
      "license": "MIT",
      "engines": {
        "node": ">=18"
      },
      "funding": {
        "url": "https://github.com/sponsors/sindresorhus"
      }
    },
    "node_modules/rate-limit-threshold": {
      "version": "0.1.5",
      "resolved": "https://registry.npmjs.org/rate-limit-threshold/-/rate-limit-threshold-0.1.5.tgz",
      "integrity": "sha512-75vpvXC/ZqQJrFDp0dVtfoXZi8kxQP2eBuxVYFvGDfnHhcgE+ZG870u4ItQhWQh54Y6nNwOaaq5g3AL9n27lTg==",
      "license": "MIT",
      "engines": {
        "node": "^14.13.1 || >=16.0.0"
      }
    },
    "node_modules/tiny-emitter": {
      "version": "2.1.0",
      "resolved": "https://registry.npmjs.org/tiny-emitter/-/tiny-emitter-2.1.0.tgz",
      "integrity": "sha512-NB6Dk1A9xgQPMoGqC5CVXn123gWyte215ONT5Pp5a0yt4nlEoO1ZWeCwpncaekPHXO60i47ihFnZPiRPjRMq4Q==",
      "license": "MIT",
      "optional": true
    },
    "node_modules/unicode-segmenter": {
      "version": "0.17.0",
      "resolved": "https://registry.npmjs.org/unicode-segmenter/-/unicode-segmenter-0.17.0.tgz",
      "integrity": "sha512-rN+u/LmZx2SISURhq2vy+JeQmmf+9lFVsdVgvFJHa6wL42h3ojnYaS/UK4Fgsjku9C2P23WB/JK5sQWeBaZt+A==",
      "license": "MIT"
    },
    "node_modules/yocto-queue": {
      "version": "1.2.2",
      "resolved": "https://registry.npmjs.org/yocto-queue/-/yocto-queue-1.2.2.tgz",
      "integrity": "sha512-4LCcse/U2MHZ63HAJVE+v71o7yOdIe4cZ70Wpf8D/IyjDKYQLV5GD46B+hSTjJsvV5PztjvHoU580EftxjDZFQ==",
      "license": "MIT",
      "optional": true,
      "engines": {
        "node": ">=12.20"
      },
      "funding": {
        "url": "https://github.com/sponsors/sindresorhus"
      }
    }
  }
}
